
Microsoft Visual Studio Solution File, Format Version 12.00
# Visual Studio Version 17
VisualStudioVersion = 17.3.32922.545
MinimumVisualStudioVersion = 10.0.40219.1
Project("{9A19103F-16F7-4668-BE54-9A1E7A4F7556}") = "AeX30.WinUI", "AeX30.WinUI\AeX30.WinUI.csproj", "{6B84EDFF-990B-4A37-890C-FB32A3343CFA}"
EndProject
Project("{9A19103F-16F7-4668-BE54-9A1E7A4F7556}") = "AeX30.Core", "AeX30.Core\AeX30.Core.csproj", "{8C48FE19-CAC9-4E14-9FEB-66FD35B3A22E}"
EndProject
Global
	GlobalSection(SolutionConfigurationPlatforms) = preSolution
		Debug|Any CPU = Debug|Any CPU
		Debug|ARM = Debug|ARM
		Debug|x64 = Debug|x64
		Debug|x86 = Debug|x86
		Release|Any CPU = Release|Any CPU
		Release|ARM = Release|ARM
		Release|x64 = Release|x64
		Release|x86 = Release|x86
	EndGlobalSection
	GlobalSection(ProjectConfigurationPlatforms) = postSolution
		{6B84EDFF-990B-4A37-890C-FB32A3343CFA}.Debug|Any CPU.ActiveCfg = Debug|Any CPU
		{6B84EDFF-990B-4A37-890C-FB32A3343CFA}.Debug|Any CPU.Build.0 = Debug|Any CPU
		{6B84EDFF-990B-4A37-890C-FB32A3343CFA}.Debug|ARM.ActiveCfg = Debug|Any CPU
		{6B84EDFF-990B-4A37-890C-FB32A3343CFA}.Debug|ARM.Build.0 = Debug|Any CPU
		{6B84EDFF-990B-4A37-890C-FB32A3343CFA}.Debug|x64.ActiveCfg = Debug|Any CPU
		{6B84EDFF-990B-4A37-890C-FB32A3343CFA}.Debug|x64.Build.0 = Debug|Any CPU
		{6B84EDFF-990B-4A37-890C-FB32A3343CFA}.Debug|x86.ActiveCfg = Debug|Any CPU
		{6B84EDFF-990B-4A37-890C-FB32A3343CFA}.Debug|x86.Build.0 = Debug|Any CPU
		{6B84EDFF-990B-4A37-890C-FB32A3343CFA}.Release|Any CPU.ActiveCfg = Release|Any CPU
		{6B84EDFF-990B-4A37-890C-FB32A3343CFA}.Release|Any CPU.Build.0 = Release|Any CPU
		{6B84EDFF-990B-4A37-890C-FB32A3343CFA}.Release|ARM.ActiveCfg = Release|Any CPU
		{6B84EDFF-990B-4A37-890C-FB32A3343CFA}.Release|ARM.Build.0 = Release|Any CPU
		{6B84EDFF-990B-4A37-890C-FB32A3343CFA}.Release|x64.ActiveCfg = Release|Any CPU
		{6B84EDFF-990B-4A37-890C-FB32A3343CFA}.Release|x64.Build.0 = Release|Any CPU
		{6B84EDFF-990B-4A37-890C-FB32A3343CFA}.Release|x86.ActiveCfg = Release|Any CPU
		{6B84EDFF-990B-4A37-890C-FB32A3343CFA}.Release|x86.Build.0 = Release|Any CPU
		{8C48FE19-CAC9-4E14-9FEB-66FD35B3A22E}.Debug|Any CPU.ActiveCfg = Debug|Any CPU
		{8C48FE19-CAC9-4E14-9FEB-66FD35B3A22E}.Debug|Any CPU.Build.0 = Debug|Any CPU
		{8C48FE19-CAC9-4E14-9FEB-66FD35B3A22E}.Debug|ARM.ActiveCfg = Debug|Any CPU
		{8C48FE19-CAC9-4E14-9FEB-66FD35B3A22E}.Debug|ARM.Build.0 = Debug|Any CPU
		{8C48FE19-CAC9-4E14-9FEB-66FD35B3A22E}.Debug|x64.ActiveCfg = Debug|Any CPU
		{8C48FE19-CAC9-4E14-9FEB-66FD35B3A22E}.Debug|x64.Build.0 = Debug|Any CPU
		{8C48FE19-CAC9-4E14-9FEB-66FD35B3A22E}.Debug|x86.ActiveCfg = Debug|Any CPU
		{8C48FE19-CAC9-4E14-9FEB-66FD35B3A22E}.Debug|x86.Build.0 = Debug|Any CPU
		{8C48FE19-CAC9-4E14-9FEB-66FD35B3A22E}.Release|Any CPU.ActiveCfg = Release|Any CPU
		{8C48FE19-CAC9-4E14-9FEB-66FD35B3A22E}.Release|Any CPU.Build.0 = Release|Any CPU
		{8C48FE19-CAC9-4E14-9FEB-66FD35B3A22E}.Release|ARM.ActiveCfg = Release|Any CPU
		{8C48FE19-CAC9-4E14-9FEB-66FD35B3A22E}.Release|ARM.Build.0 = Release|Any CPU
		{8C48FE19-CAC9-4E14-9FEB-66FD35B3A22E}.Release|x64.ActiveCfg = Release|Any CPU
		{8C48FE19-CAC9-4E14-9FEB-66FD35B3A22E}.Release|x64.Build.0 = Release|Any CPU
		{8C48FE19-CAC9-4E14-9FEB-66FD35B3A22E}.Release|x86.ActiveCfg = Release|Any CPU
		{8C48FE19-CAC9-4E14-9FEB-66FD35B3A22E}.Release|x86.Build.0 = Release|Any CPU
	EndGlobalSection
	GlobalSection(SolutionProperties) = preSolution
		HideSolutionNode = FALSE
	EndGlobalSection
	GlobalSection(ExtensibilityGlobals) = postSolution
		SolutionGuid = {3F248548-F958-4FEF-B76A-D44FE53E6693}
	EndGlobalSection
EndGlobal
